
Microsoft Visual Studio Solution File, Format Version 12.00
# Visual Studio 15
VisualStudioVersion = 15.0.28307.852
MinimumVisualStudioVersion = 10.0.40219.1
Project("{FAE04EC0-301F-11D3-BF4B-00C04F79EFBC}") = "TesteSeriesAT", "TesteSeriesAT\TesteSeriesAT.csproj", "{0A6BB8A0-92B6-436A-8817-53C60C099B81}"
EndProject
Global
	GlobalSection(SolutionConfigurationPlatforms) = preSolution
		Debug|Any CPU = Debug|Any CPU
		Release|Any CPU = Release|Any CPU
	EndGlobalSection
	GlobalSection(ProjectConfigurationPlatforms) = postSolution
		{0A6BB8A0-92B6-436A-8817-53C60C099B81}.Debug|Any CPU.ActiveCfg = Debug|Any CPU
		{0A6BB8A0-92B6-436A-8817-53C60C099B81}.Debug|Any CPU.Build.0 = Debug|Any CPU
		{0A6BB8A0-92B6-436A-8817-53C60C099B81}.Release|Any CPU.ActiveCfg = Release|Any CPU
		{0A6BB8A0-92B6-436A-8817-53C60C099B81}.Release|Any CPU.Build.0 = Release|Any CPU
	EndGlobalSection
	GlobalSection(SolutionProperties) = preSolution
		HideSolutionNode = FALSE
	EndGlobalSection
	GlobalSection(ExtensibilityGlobals) = postSolution
		SolutionGuid = {00E7FF5F-E03D-4947-B541-DDF0BC3FE5BF}
	EndGlobalSection
EndGlobal
